// !$*UTF8*$!
{
	archiveVersion = 1;
	classes = {
	};
	objectVersion = 46;
	objects = {

/* Begin PBXBuildFile section */
		C302D3601E5CA31400DCA962 /* AppDelegate.swift in Sources */ = {isa = PBXBuildFile; fileRef = C302D34E1E5CA31400DCA962 /* AppDelegate.swift */; };
		C302D3651E5CA31500DCA962 /* BrowserViewController.swift in Sources */ = {isa = PBXBuildFile; fileRef = C302D35D1E5CA31400DCA962 /* BrowserViewController.swift */; };
		C302D3661E5CA31500DCA962 /* ViewController.swift in Sources */ = {isa = PBXBuildFile; fileRef = C302D35F1E5CA31400DCA962 /* ViewController.swift */; };
		C302D3691E5CA4A500DCA962 /* Assets.xcassets in Resources */ = {isa = PBXBuildFile; fileRef = C302D3501E5CA31400DCA962 /* Assets.xcassets */; };
		C302D36A1E5CA4A500DCA962 /* LaunchScreen.storyboard in Resources */ = {isa = PBXBuildFile; fileRef = C302D3511E5CA31400DCA962 /* LaunchScreen.storyboard */; };
		C302D36B1E5CA4A500DCA962 /* Main.storyboard in Resources */ = {isa = PBXBuildFile; fileRef = C302D3531E5CA31400DCA962 /* Main.storyboard */; };
		C302D36C1E5CA4A500DCA962 /* Info.plist in Resources */ = {isa = PBXBuildFile; fileRef = C302D3551E5CA31400DCA962 /* Info.plist */; };
		C302D36E1E5CA7DB00DCA962 /* Utilities.swift in Sources */ = {isa = PBXBuildFile; fileRef = C302D36D1E5CA7DB00DCA962 /* Utilities.swift */; };
		C332ADE31E5DA9F9005381C9 /* test.swift in Sources */ = {isa = PBXBuildFile; fileRef = C332ADE21E5DA9F9005381C9 /* test.swift */; };
		C39375AC1E730664002B529D /* NavigationHelper.swift in Sources */ = {isa = PBXBuildFile; fileRef = C39375A31E730664002B529D /* NavigationHelper.swift */; };
		C39375AD1E730664002B529D /* NavigationManager.swift in Sources */ = {isa = PBXBuildFile; fileRef = C39375A41E730664002B529D /* NavigationManager.swift */; };
		C39375AE1E730664002B529D /* DismissTask.swift in Sources */ = {isa = PBXBuildFile; fileRef = C39375A61E730664002B529D /* DismissTask.swift */; };
		C39375AF1E730664002B529D /* NavigationTask.swift in Sources */ = {isa = PBXBuildFile; fileRef = C39375A71E730664002B529D /* NavigationTask.swift */; };
		C39375B01E730664002B529D /* PopTask.swift in Sources */ = {isa = PBXBuildFile; fileRef = C39375A81E730664002B529D /* PopTask.swift */; };
		C39375B11E730664002B529D /* PopToOrPushTask.swift in Sources */ = {isa = PBXBuildFile; fileRef = C39375A91E730664002B529D /* PopToOrPushTask.swift */; };
		C39375B21E730664002B529D /* PresentTask.swift in Sources */ = {isa = PBXBuildFile; fileRef = C39375AA1E730664002B529D /* PresentTask.swift */; };
		C39375B31E730664002B529D /* PushTask.swift in Sources */ = {isa = PBXBuildFile; fileRef = C39375AB1E730664002B529D /* PushTask.swift */; };
		C39375B91E730A49002B529D /* NavigationManagerTests.swift in Sources */ = {isa = PBXBuildFile; fileRef = C39375B61E730A33002B529D /* NavigationManagerTests.swift */; };
		C39375BA1E730A4D002B529D /* NavigationControllerSpy.swift in Sources */ = {isa = PBXBuildFile; fileRef = C39375B51E730A33002B529D /* NavigationControllerSpy.swift */; };
		C39375BC1E730AD0002B529D /* TestInfo.plist in Resources */ = {isa = PBXBuildFile; fileRef = C39375BB1E730AD0002B529D /* TestInfo.plist */; };
		C39375BE1E730BB3002B529D /* ViewControllerSpy.swift in Sources */ = {isa = PBXBuildFile; fileRef = C39375BD1E730BB3002B529D /* ViewControllerSpy.swift */; };
/* End PBXBuildFile section */

/* Begin PBXContainerItemProxy section */
		C302D32F1E5CA2A500DCA962 /* PBXContainerItemProxy */ = {
			isa = PBXContainerItemProxy;
			containerPortal = C302D3121E5CA2A500DCA962 /* Project object */;
			proxyType = 1;
			remoteGlobalIDString = C302D3191E5CA2A500DCA962;
			remoteInfo = BookReader;
		};
/* End PBXContainerItemProxy section */

/* Begin PBXFileReference section */
		C302D31A1E5CA2A500DCA962 /* BookReader.app */ = {isa = PBXFileReference; explicitFileType = wrapper.application; includeInIndex = 0; path = BookReader.app; sourceTree = BUILT_PRODUCTS_DIR; };
		C302D32E1E5CA2A500DCA962 /* BookReaderTests.xctest */ = {isa = PBXFileReference; explicitFileType = wrapper.cfbundle; includeInIndex = 0; path = BookReaderTests.xctest; sourceTree = BUILT_PRODUCTS_DIR; };
		C302D34E1E5CA31400DCA962 /* AppDelegate.swift */ = {isa = PBXFileReference; fileEncoding = 4; lastKnownFileType = sourcecode.swift; path = AppDelegate.swift; sourceTree = "<group>"; };
		C302D3501E5CA31400DCA962 /* Assets.xcassets */ = {isa = PBXFileReference; lastKnownFileType = folder.assetcatalog; path = Assets.xcassets; sourceTree = "<group>"; };
		C302D3521E5CA31400DCA962 /* Base */ = {isa = PBXFileReference; lastKnownFileType = file.storyboard; name = Base; path = Base.lproj/LaunchScreen.storyboard; sourceTree = "<group>"; };
		C302D3541E5CA31400DCA962 /* Base */ = {isa = PBXFileReference; lastKnownFileType = file.storyboard; name = Base; path = Base.lproj/Main.storyboard; sourceTree = "<group>"; };
		C302D3551E5CA31400DCA962 /* Info.plist */ = {isa = PBXFileReference; fileEncoding = 4; lastKnownFileType = text.plist.xml; path = Info.plist; sourceTree = "<group>"; };
		C302D35D1E5CA31400DCA962 /* BrowserViewController.swift */ = {isa = PBXFileReference; fileEncoding = 4; lastKnownFileType = sourcecode.swift; path = BrowserViewController.swift; sourceTree = "<group>"; };
		C302D35F1E5CA31400DCA962 /* ViewController.swift */ = {isa = PBXFileReference; fileEncoding = 4; lastKnownFileType = sourcecode.swift; path = ViewController.swift; sourceTree = "<group>"; };
		C302D36D1E5CA7DB00DCA962 /* Utilities.swift */ = {isa = PBXFileReference; fileEncoding = 4; lastKnownFileType = sourcecode.swift; path = Utilities.swift; sourceTree = "<group>"; };
		C332ADE21E5DA9F9005381C9 /* test.swift */ = {isa = PBXFileReference; fileEncoding = 4; lastKnownFileType = sourcecode.swift; path = test.swift; sourceTree = "<group>"; };
		C39375A31E730664002B529D /* NavigationHelper.swift */ = {isa = PBXFileReference; fileEncoding = 4; lastKnownFileType = sourcecode.swift; path = NavigationHelper.swift; sourceTree = "<group>"; };
		C39375A41E730664002B529D /* NavigationManager.swift */ = {isa = PBXFileReference; fileEncoding = 4; lastKnownFileType = sourcecode.swift; path = NavigationManager.swift; sourceTree = "<group>"; };
		C39375A61E730664002B529D /* DismissTask.swift */ = {isa = PBXFileReference; fileEncoding = 4; lastKnownFileType = sourcecode.swift; path = DismissTask.swift; sourceTree = "<group>"; };
		C39375A71E730664002B529D /* NavigationTask.swift */ = {isa = PBXFileReference; fileEncoding = 4; lastKnownFileType = sourcecode.swift; path = NavigationTask.swift; sourceTree = "<group>"; };
		C39375A81E730664002B529D /* PopTask.swift */ = {isa = PBXFileReference; fileEncoding = 4; lastKnownFileType = sourcecode.swift; path = PopTask.swift; sourceTree = "<group>"; };
		C39375A91E730664002B529D /* PopToOrPushTask.swift */ = {isa = PBXFileReference; fileEncoding = 4; lastKnownFileType = sourcecode.swift; path = PopToOrPushTask.swift; sourceTree = "<group>"; };
		C39375AA1E730664002B529D /* PresentTask.swift */ = {isa = PBXFileReference; fileEncoding = 4; lastKnownFileType = sourcecode.swift; path = PresentTask.swift; sourceTree = "<group>"; };
		C39375AB1E730664002B529D /* PushTask.swift */ = {isa = PBXFileReference; fileEncoding = 4; lastKnownFileType = sourcecode.swift; path = PushTask.swift; sourceTree = "<group>"; };
		C39375B51E730A33002B529D /* NavigationControllerSpy.swift */ = {isa = PBXFileReference; fileEncoding = 4; lastKnownFileType = sourcecode.swift; path = NavigationControllerSpy.swift; sourceTree = "<group>"; };
		C39375B61E730A33002B529D /* NavigationManagerTests.swift */ = {isa = PBXFileReference; fileEncoding = 4; lastKnownFileType = sourcecode.swift; path = NavigationManagerTests.swift; sourceTree = "<group>"; };
		C39375BB1E730AD0002B529D /* TestInfo.plist */ = {isa = PBXFileReference; fileEncoding = 4; lastKnownFileType = text.plist.xml; path = TestInfo.plist; sourceTree = "<group>"; };
		C39375BD1E730BB3002B529D /* ViewControllerSpy.swift */ = {isa = PBXFileReference; fileEncoding = 4; lastKnownFileType = sourcecode.swift; path = ViewControllerSpy.swift; sourceTree = "<group>"; };
/* End PBXFileReference section */

/* Begin PBXFrameworksBuildPhase section */
		C302D3171E5CA2A500DCA962 /* Frameworks */ = {
			isa = PBXFrameworksBuildPhase;
			buildActionMask = 2147483647;
			files = (
			);
			runOnlyForDeploymentPostprocessing = 0;
		};
		C302D32B1E5CA2A500DCA962 /* Frameworks */ = {
			isa = PBXFrameworksBuildPhase;
			buildActionMask = 2147483647;
			files = (
			);
			runOnlyForDeploymentPostprocessing = 0;
		};
/* End PBXFrameworksBuildPhase section */

/* Begin PBXGroup section */
		C302D3111E5CA2A500DCA962 = {
			isa = PBXGroup;
			children = (
				C302D31C1E5CA2A500DCA962 /* BookReader */,
				C302D31B1E5CA2A500DCA962 /* Products */,
			);
			sourceTree = "<group>";
		};
		C302D31B1E5CA2A500DCA962 /* Products */ = {
			isa = PBXGroup;
			children = (
				C302D31A1E5CA2A500DCA962 /* BookReader.app */,
				C302D32E1E5CA2A500DCA962 /* BookReaderTests.xctest */,
			);
			name = Products;
			sourceTree = "<group>";
		};
		C302D31C1E5CA2A500DCA962 /* BookReader */ = {
			isa = PBXGroup;
			children = (
				C302D34D1E5CA31400DCA962 /* Application */,
				C302D34F1E5CA31400DCA962 /* Resources */,
				C302D3561E5CA31400DCA962 /* Scenes */,
				C302D35E1E5CA31400DCA962 /* Shared */,
			);
			path = BookReader;
			sourceTree = "<group>";
		};
		C302D34D1E5CA31400DCA962 /* Application */ = {
			isa = PBXGroup;
			children = (
				C302D34E1E5CA31400DCA962 /* AppDelegate.swift */,
			);
			path = Application;
			sourceTree = "<group>";
		};
		C302D34F1E5CA31400DCA962 /* Resources */ = {
			isa = PBXGroup;
			children = (
				C302D3501E5CA31400DCA962 /* Assets.xcassets */,
				C302D3511E5CA31400DCA962 /* LaunchScreen.storyboard */,
				C302D3531E5CA31400DCA962 /* Main.storyboard */,
				C302D3551E5CA31400DCA962 /* Info.plist */,
				C39375BB1E730AD0002B529D /* TestInfo.plist */,
			);
			path = Resources;
			sourceTree = "<group>";
		};
		C302D3561E5CA31400DCA962 /* Scenes */ = {
			isa = PBXGroup;
			children = (
				C302D3571E5CA31400DCA962 /* Browser */,
			);
			path = Scenes;
			sourceTree = "<group>";
		};
		C302D3571E5CA31400DCA962 /* Browser */ = {
			isa = PBXGroup;
			children = (
				C302D3581E5CA31400DCA962 /* Configurator */,
				C302D3591E5CA31400DCA962 /* Interactor */,
				C302D35A1E5CA31400DCA962 /* Presenter */,
				C302D35B1E5CA31400DCA962 /* Router */,
				C302D35C1E5CA31400DCA962 /* View */,
			);
			path = Browser;
			sourceTree = "<group>";
		};
		C302D3581E5CA31400DCA962 /* Configurator */ = {
			isa = PBXGroup;
			children = (
			);
			path = Configurator;
			sourceTree = "<group>";
		};
		C302D3591E5CA31400DCA962 /* Interactor */ = {
			isa = PBXGroup;
			children = (
			);
			path = Interactor;
			sourceTree = "<group>";
		};
		C302D35A1E5CA31400DCA962 /* Presenter */ = {
			isa = PBXGroup;
			children = (
			);
			path = Presenter;
			sourceTree = "<group>";
		};
		C302D35B1E5CA31400DCA962 /* Router */ = {
			isa = PBXGroup;
			children = (
			);
			path = Router;
			sourceTree = "<group>";
		};
		C302D35C1E5CA31400DCA962 /* View */ = {
			isa = PBXGroup;
			children = (
				C302D35D1E5CA31400DCA962 /* BrowserViewController.swift */,
				C332ADE21E5DA9F9005381C9 /* test.swift */,
			);
			path = View;
			sourceTree = "<group>";
		};
		C302D35E1E5CA31400DCA962 /* Shared */ = {
			isa = PBXGroup;
			children = (
				C39375B41E730A33002B529D /* Tests */,
				C39375A31E730664002B529D /* NavigationHelper.swift */,
				C39375A41E730664002B529D /* NavigationManager.swift */,
				C39375A51E730664002B529D /* NavigatoinTasks */,
				C302D35F1E5CA31400DCA962 /* ViewController.swift */,
				C302D36D1E5CA7DB00DCA962 /* Utilities.swift */,
			);
			path = Shared;
			sourceTree = "<group>";
		};
		C39375A51E730664002B529D /* NavigatoinTasks */ = {
			isa = PBXGroup;
			children = (
				C39375A71E730664002B529D /* NavigationTask.swift */,
				C39375A61E730664002B529D /* DismissTask.swift */,
				C39375A81E730664002B529D /* PopTask.swift */,
				C39375A91E730664002B529D /* PopToOrPushTask.swift */,
				C39375AA1E730664002B529D /* PresentTask.swift */,
				C39375AB1E730664002B529D /* PushTask.swift */,
			);
			path = NavigatoinTasks;
			sourceTree = "<group>";
		};
		C39375B41E730A33002B529D /* Tests */ = {
			isa = PBXGroup;
			children = (
				C39375B51E730A33002B529D /* NavigationControllerSpy.swift */,
				C39375BD1E730BB3002B529D /* ViewControllerSpy.swift */,
				C39375B61E730A33002B529D /* NavigationManagerTests.swift */,
			);
			path = Tests;
			sourceTree = "<group>";
		};
/* End PBXGroup section */

/* Begin PBXNativeTarget section */
		C302D3191E5CA2A500DCA962 /* BookReader */ = {
			isa = PBXNativeTarget;
			buildConfigurationList = C302D3371E5CA2A500DCA962 /* Build configuration list for PBXNativeTarget "BookReader" */;
			buildPhases = (
				C302D3161E5CA2A500DCA962 /* Sources */,
				C302D3171E5CA2A500DCA962 /* Frameworks */,
				C302D3181E5CA2A500DCA962 /* Resources */,
			);
			buildRules = (
			);
			dependencies = (
			);
			name = BookReader;
			productName = BookReader;
			productReference = C302D31A1E5CA2A500DCA962 /* BookReader.app */;
			productType = "com.apple.product-type.application";
		};
		C302D32D1E5CA2A500DCA962 /* BookReaderTests */ = {
			isa = PBXNativeTarget;
			buildConfigurationList = C302D33A1E5CA2A500DCA962 /* Build configuration list for PBXNativeTarget "BookReaderTests" */;
			buildPhases = (
				C302D32A1E5CA2A500DCA962 /* Sources */,
				C302D32B1E5CA2A500DCA962 /* Frameworks */,
				C302D32C1E5CA2A500DCA962 /* Resources */,
			);
			buildRules = (
			);
			dependencies = (
				C302D3301E5CA2A500DCA962 /* PBXTargetDependency */,
			);
			name = BookReaderTests;
			productName = BookReaderTests;
			productReference = C302D32E1E5CA2A500DCA962 /* BookReaderTests.xctest */;
			productType = "com.apple.product-type.bundle.unit-test";
		};
/* End PBXNativeTarget section */

/* Begin PBXProject section */
		C302D3121E5CA2A500DCA962 /* Project object */ = {
			isa = PBXProject;
			attributes = {
				LastSwiftUpdateCheck = 0820;
				LastUpgradeCheck = 0820;
				ORGANIZATIONNAME = FFStudio;
				TargetAttributes = {
					C302D3191E5CA2A500DCA962 = {
						CreatedOnToolsVersion = 8.2.1;
						ProvisioningStyle = Automatic;
					};
					C302D32D1E5CA2A500DCA962 = {
						CreatedOnToolsVersion = 8.2.1;
						ProvisioningStyle = Automatic;
						TestTargetID = C302D3191E5CA2A500DCA962;
					};
				};
			};
			buildConfigurationList = C302D3151E5CA2A500DCA962 /* Build configuration list for PBXProject "BookReader" */;
			compatibilityVersion = "Xcode 3.2";
			developmentRegion = English;
			hasScannedForEncodings = 0;
			knownRegions = (
				en,
				Base,
			);
			mainGroup = C302D3111E5CA2A500DCA962;
			productRefGroup = C302D31B1E5CA2A500DCA962 /* Products */;
			projectDirPath = "";
			projectRoot = "";
			targets = (
				C302D3191E5CA2A500DCA962 /* BookReader */,
				C302D32D1E5CA2A500DCA962 /* BookReaderTests */,
			);
		};
/* End PBXProject section */

/* Begin PBXResourcesBuildPhase section */
		C302D3181E5CA2A500DCA962 /* Resources */ = {
			isa = PBXResourcesBuildPhase;
			buildActionMask = 2147483647;
			files = (
				C302D3691E5CA4A500DCA962 /* Assets.xcassets in Resources */,
				C302D36A1E5CA4A500DCA962 /* LaunchScreen.storyboard in Resources */,
				C302D36B1E5CA4A500DCA962 /* Main.storyboard in Resources */,
				C302D36C1E5CA4A500DCA962 /* Info.plist in Resources */,
			);
			runOnlyForDeploymentPostprocessing = 0;
		};
		C302D32C1E5CA2A500DCA962 /* Resources */ = {
			isa = PBXResourcesBuildPhase;
			buildActionMask = 2147483647;
			files = (
				C39375BC1E730AD0002B529D /* TestInfo.plist in Resources */,
			);
			runOnlyForDeploymentPostprocessing = 0;
		};
/* End PBXResourcesBuildPhase section */

/* Begin PBXSourcesBuildPhase section */
		C302D3161E5CA2A500DCA962 /* Sources */ = {
			isa = PBXSourcesBuildPhase;
			buildActionMask = 2147483647;
			files = (
				C302D3661E5CA31500DCA962 /* ViewController.swift in Sources */,
				C39375AF1E730664002B529D /* NavigationTask.swift in Sources */,
				C39375AC1E730664002B529D /* NavigationHelper.swift in Sources */,
				C39375B11E730664002B529D /* PopToOrPushTask.swift in Sources */,
				C39375AD1E730664002B529D /* NavigationManager.swift in Sources */,
				C39375B01E730664002B529D /* PopTask.swift in Sources */,
				C39375AE1E730664002B529D /* DismissTask.swift in Sources */,
				C302D3601E5CA31400DCA962 /* AppDelegate.swift in Sources */,
				C39375B21E730664002B529D /* PresentTask.swift in Sources */,
				C39375B31E730664002B529D /* PushTask.swift in Sources */,
				C302D36E1E5CA7DB00DCA962 /* Utilities.swift in Sources */,
				C332ADE31E5DA9F9005381C9 /* test.swift in Sources */,
				C302D3651E5CA31500DCA962 /* BrowserViewController.swift in Sources */,
			);
			runOnlyForDeploymentPostprocessing = 0;
		};
		C302D32A1E5CA2A500DCA962 /* Sources */ = {
			isa = PBXSourcesBuildPhase;
			buildActionMask = 2147483647;
			files = (
				C39375BA1E730A4D002B529D /* NavigationControllerSpy.swift in Sources */,
				C39375B91E730A49002B529D /* NavigationManagerTests.swift in Sources */,
				C39375BE1E730BB3002B529D /* ViewControllerSpy.swift in Sources */,
			);
			runOnlyForDeploymentPostprocessing = 0;
		};
/* End PBXSourcesBuildPhase section */

/* Begin PBXTargetDependency section */
		C302D3301E5CA2A500DCA962 /* PBXTargetDependency */ = {
			isa = PBXTargetDependency;
			target = C302D3191E5CA2A500DCA962 /* BookReader */;
			targetProxy = C302D32F1E5CA2A500DCA962 /* PBXContainerItemProxy */;
		};
/* End PBXTargetDependency section */

/* Begin PBXVariantGroup section */
		C302D3511E5CA31400DCA962 /* LaunchScreen.storyboard */ = {
			isa = PBXVariantGroup;
			children = (
				C302D3521E5CA31400DCA962 /* Base */,
			);
			name = LaunchScreen.storyboard;
			sourceTree = "<group>";
		};
		C302D3531E5CA31400DCA962 /* Main.storyboard */ = {
			isa = PBXVariantGroup;
			children = (
				C302D3541E5CA31400DCA962 /* Base */,
			);
			name = Main.storyboard;
			sourceTree = "<group>";
		};
/* End PBXVariantGroup section */

/* Begin XCBuildConfiguration section */
		C302D3351E5CA2A500DCA962 /* Debug */ = {
			isa = XCBuildConfiguration;
			buildSettings = {
				ALWAYS_SEARCH_USER_PATHS = NO;
				CLANG_ANALYZER_NONNULL = YES;
				CLANG_CXX_LANGUAGE_STANDARD = "gnu++0x";
				CLANG_CXX_LIBRARY = "libc++";
				CLANG_ENABLE_MODULES = YES;
				CLANG_ENABLE_OBJC_ARC = YES;
				CLANG_WARN_BOOL_CONVERSION = YES;
				CLANG_WARN_CONSTANT_CONVERSION = YES;
				CLANG_WARN_DIRECT_OBJC_ISA_USAGE = YES_ERROR;
				CLANG_WARN_DOCUMENTATION_COMMENTS = YES;
				CLANG_WARN_EMPTY_BODY = YES;
				CLANG_WARN_ENUM_CONVERSION = YES;
				CLANG_WARN_INFINITE_RECURSION = YES;
				CLANG_WARN_INT_CONVERSION = YES;
				CLANG_WARN_OBJC_ROOT_CLASS = YES_ERROR;
				CLANG_WARN_SUSPICIOUS_MOVE = YES;
				CLANG_WARN_UNREACHABLE_CODE = YES;
				CLANG_WARN__DUPLICATE_METHOD_MATCH = YES;
				"CODE_SIGN_IDENTITY[sdk=iphoneos*]" = "iPhone Developer";
				COPY_PHASE_STRIP = NO;
				DEBUG_INFORMATION_FORMAT = dwarf;
				ENABLE_STRICT_OBJC_MSGSEND = YES;
				ENABLE_TESTABILITY = YES;
				GCC_C_LANGUAGE_STANDARD = gnu99;
				GCC_DYNAMIC_NO_PIC = NO;
				GCC_NO_COMMON_BLOCKS = YES;
				GCC_OPTIMIZATION_LEVEL = 0;
				GCC_PREPROCESSOR_DEFINITIONS = (
					"DEBUG=1",
					"$(inherited)",
				);
				GCC_WARN_64_TO_32_BIT_CONVERSION = YES;
				GCC_WARN_ABOUT_RETURN_TYPE = YES_ERROR;
				GCC_WARN_UNDECLARED_SELECTOR = YES;
				GCC_WARN_UNINITIALIZED_AUTOS = YES_AGGRESSIVE;
				GCC_WARN_UNUSED_FUNCTION = YES;
				GCC_WARN_UNUSED_VARIABLE = YES;
				IPHONEOS_DEPLOYMENT_TARGET = 10.2;
				MTL_ENABLE_DEBUG_INFO = YES;
				ONLY_ACTIVE_ARCH = YES;
				SDKROOT = iphoneos;
				SWIFT_ACTIVE_COMPILATION_CONDITIONS = DEBUG;
				SWIFT_OPTIMIZATION_LEVEL = "-Onone";
				TARGETED_DEVICE_FAMILY = "1,2";
			};
			name = Debug;
		};
		C302D3361E5CA2A500DCA962 /* Release */ = {
			isa = XCBuildConfiguration;
			buildSettings = {
				ALWAYS_SEARCH_USER_PATHS = NO;
				CLANG_ANALYZER_NONNULL = YES;
				CLANG_CXX_LANGUAGE_STANDARD = "gnu++0x";
				CLANG_CXX_LIBRARY = "libc++";
				CLANG_ENABLE_MODULES = YES;
				CLANG_ENABLE_OBJC_ARC = YES;
				CLANG_WARN_BOOL_CONVERSION = YES;
				CLANG_WARN_CONSTANT_CONVERSION = YES;
				CLANG_WARN_DIRECT_OBJC_ISA_USAGE = YES_ERROR;
				CLANG_WARN_DOCUMENTATION_COMMENTS = YES;
				CLANG_WARN_EMPTY_BODY = YES;
				CLANG_WARN_ENUM_CONVERSION = YES;
				CLANG_WARN_INFINITE_RECURSION = YES;
				CLANG_WARN_INT_CONVERSION = YES;
				CLANG_WARN_OBJC_ROOT_CLASS = YES_ERROR;
				CLANG_WARN_SUSPICIOUS_MOVE = YES;
				CLANG_WARN_UNREACHABLE_CODE = YES;
				CLANG_WARN__DUPLICATE_METHOD_MATCH = YES;
				"CODE_SIGN_IDENTITY[sdk=iphoneos*]" = "iPhone Developer";
				COPY_PHASE_STRIP = NO;
				DEBUG_INFORMATION_FORMAT = "dwarf-with-dsym";
				ENABLE_NS_ASSERTIONS = NO;
				ENABLE_STRICT_OBJC_MSGSEND = YES;
				GCC_C_LANGUAGE_STANDARD = gnu99;
				GCC_NO_COMMON_BLOCKS = YES;
				GCC_WARN_64_TO_32_BIT_CONVERSION = YES;
				GCC_WARN_ABOUT_RETURN_TYPE = YES_ERROR;
				GCC_WARN_UNDECLARED_SELECTOR = YES;
				GCC_WARN_UNINITIALIZED_AUTOS = YES_AGGRESSIVE;
				GCC_WARN_UNUSED_FUNCTION = YES;
				GCC_WARN_UNUSED_VARIABLE = YES;
				IPHONEOS_DEPLOYMENT_TARGET = 10.2;
				MTL_ENABLE_DEBUG_INFO = NO;
				SDKROOT = iphoneos;
				SWIFT_OPTIMIZATION_LEVEL = "-Owholemodule";
				TARGETED_DEVICE_FAMILY = "1,2";
				VALIDATE_PRODUCT = YES;
			};
			name = Release;
		};
		C302D3381E5CA2A500DCA962 /* Debug */ = {
			isa = XCBuildConfiguration;
			buildSettings = {
				ASSETCATALOG_COMPILER_APPICON_NAME = AppIcon;
				INFOPLIST_FILE = BookReader/Resources/Info.plist;
				LD_RUNPATH_SEARCH_PATHS = "$(inherited) @executable_path/Frameworks";
				PRODUCT_BUNDLE_IDENTIFIER = com.FFStudio.BookReader;
				PRODUCT_NAME = "$(TARGET_NAME)";
				SWIFT_VERSION = 3.0;
			};
			name = Debug;
		};
		C302D3391E5CA2A500DCA962 /* Release */ = {
			isa = XCBuildConfiguration;
			buildSettings = {
				ASSETCATALOG_COMPILER_APPICON_NAME = AppIcon;
				INFOPLIST_FILE = BookReader/Resources/Info.plist;
				LD_RUNPATH_SEARCH_PATHS = "$(inherited) @executable_path/Frameworks";
				PRODUCT_BUNDLE_IDENTIFIER = com.FFStudio.BookReader;
				PRODUCT_NAME = "$(TARGET_NAME)";
				SWIFT_VERSION = 3.0;
			};
			name = Release;
		};
		C302D33B1E5CA2A500DCA962 /* Debug */ = {
			isa = XCBuildConfiguration;
			buildSettings = {
				ALWAYS_EMBED_SWIFT_STANDARD_LIBRARIES = YES;
				BUNDLE_LOADER = "$(TEST_HOST)";
				INFOPLIST_FILE = BookReader/Resources/TestInfo.plist;
				LD_RUNPATH_SEARCH_PATHS = "$(inherited) @executable_path/Frameworks @loader_path/Frameworks";
				PRODUCT_BUNDLE_IDENTIFIER = com.FFStudio.BookReaderTests;
				PRODUCT_NAME = "$(TARGET_NAME)";
				SWIFT_VERSION = 3.0;
				TEST_HOST = "$(BUILT_PRODUCTS_DIR)/BookReader.app/BookReader";
			};
			name = Debug;
		};
		C302D33C1E5CA2A500DCA962 /* Release */ = {
			isa = XCBuildConfiguration;
			buildSettings = {
				ALWAYS_EMBED_SWIFT_STANDARD_LIBRARIES = YES;
				BUNDLE_LOADER = "$(TEST_HOST)";
				INFOPLIST_FILE = BookReader/Resources/TestInfo.plist;
				LD_RUNPATH_SEARCH_PATHS = "$(inherited) @executable_path/Frameworks @loader_path/Frameworks";
				PRODUCT_BUNDLE_IDENTIFIER = com.FFStudio.BookReaderTests;
				PRODUCT_NAME = "$(TARGET_NAME)";
				SWIFT_VERSION = 3.0;
				TEST_HOST = "$(BUILT_PRODUCTS_DIR)/BookReader.app/BookReader";
			};
			name = Release;
		};
/* End XCBuildConfiguration section */

/* Begin XCConfigurationList section */
		C302D3151E5CA2A500DCA962 /* Build configuration list for PBXProject "BookReader" */ = {
			isa = XCConfigurationList;
			buildConfigurations = (
				C302D3351E5CA2A500DCA962 /* Debug */,
				C302D3361E5CA2A500DCA962 /* Release */,
			);
			defaultConfigurationIsVisible = 0;
			defaultConfigurationName = Release;
		};
		C302D3371E5CA2A500DCA962 /* Build configuration list for PBXNativeTarget "BookReader" */ = {
			isa = XCConfigurationList;
			buildConfigurations = (
				C302D3381E5CA2A500DCA962 /* Debug */,
				C302D3391E5CA2A500DCA962 /* Release */,
			);
			defaultConfigurationIsVisible = 0;
			defaultConfigurationName = Release;
		};
		C302D33A1E5CA2A500DCA962 /* Build configuration list for PBXNativeTarget "BookReaderTests" */ = {
			isa = XCConfigurationList;
			buildConfigurations = (
				C302D33B1E5CA2A500DCA962 /* Debug */,
				C302D33C1E5CA2A500DCA962 /* Release */,
			);
			defaultConfigurationIsVisible = 0;
			defaultConfigurationName = Release;
		};
/* End XCConfigurationList section */
	};
	rootObject = C302D3121E5CA2A500DCA962 /* Project object */;
}
